
Microsoft Visual Studio Solution File, Format Version 12.00
# Visual Studio Version 17
VisualStudioVersion = 17.0.32112.339
MinimumVisualStudioVersion = 10.0.40219.1
Project("{FAE04EC0-301F-11D3-BF4B-00C04F79EFBC}") = "Interfaz_SaludPrimero", "Interfaz_SaludPrimero\Interfaz_SaludPrimero.csproj", "{3A05E2BD-1EC4-43EC-A86A-C23A4F0EBFCD}"
EndProject
Global
	GlobalSection(SolutionConfigurationPlatforms) = preSolution
		Debug|Any CPU = Debug|Any CPU
		Release|Any CPU = Release|Any CPU
	EndGlobalSection
	GlobalSection(ProjectConfigurationPlatforms) = postSolution
		{3A05E2BD-1EC4-43EC-A86A-C23A4F0EBFCD}.Debug|Any CPU.ActiveCfg = Debug|Any CPU
		{3A05E2BD-1EC4-43EC-A86A-C23A4F0EBFCD}.Debug|Any CPU.Build.0 = Debug|Any CPU
		{3A05E2BD-1EC4-43EC-A86A-C23A4F0EBFCD}.Release|Any CPU.ActiveCfg = Release|Any CPU
		{3A05E2BD-1EC4-43EC-A86A-C23A4F0EBFCD}.Release|Any CPU.Build.0 = Release|Any CPU
	EndGlobalSection
	GlobalSection(SolutionProperties) = preSolution
		HideSolutionNode = FALSE
	EndGlobalSection
	GlobalSection(ExtensibilityGlobals) = postSolution
		SolutionGuid = {D9121E3D-D19E-45D2-8F01-A2FE229EC266}
	EndGlobalSection
EndGlobal
